// !$*UTF8*$!
{
	archiveVersion = 1;
	classes = {
	};
	objectVersion = 55;
	objects = {

/* Begin PBXBuildFile section */
		17064CE02811916E005554D3 /* OrderDrink.swift in Sources */ = {isa = PBXBuildFile; fileRef = 17064CDF2811916E005554D3 /* OrderDrink.swift */; };
		17064CE228119185005554D3 /* OrderDrinkData.swift in Sources */ = {isa = PBXBuildFile; fileRef = 17064CE128119185005554D3 /* OrderDrinkData.swift */; };
		17175FC82809AC8E00B7B8EE /* AppDelegate.swift in Sources */ = {isa = PBXBuildFile; fileRef = 17175FC72809AC8E00B7B8EE /* AppDelegate.swift */; };
		17175FCA2809AC8E00B7B8EE /* SceneDelegate.swift in Sources */ = {isa = PBXBuildFile; fileRef = 17175FC92809AC8E00B7B8EE /* SceneDelegate.swift */; };
		17175FCF2809AC8E00B7B8EE /* Main.storyboard in Resources */ = {isa = PBXBuildFile; fileRef = 17175FCD2809AC8E00B7B8EE /* Main.storyboard */; };
		17175FD12809AC9000B7B8EE /* Assets.xcassets in Resources */ = {isa = PBXBuildFile; fileRef = 17175FD02809AC9000B7B8EE /* Assets.xcassets */; };
		17175FD42809AC9000B7B8EE /* LaunchScreen.storyboard in Resources */ = {isa = PBXBuildFile; fileRef = 17175FD22809AC9000B7B8EE /* LaunchScreen.storyboard */; };
		17175FDF2809AC9000B7B8EE /* StoreAppTests.swift in Sources */ = {isa = PBXBuildFile; fileRef = 17175FDE2809AC9000B7B8EE /* StoreAppTests.swift */; };
		17175FE92809AC9000B7B8EE /* StoreAppUITests.swift in Sources */ = {isa = PBXBuildFile; fileRef = 17175FE82809AC9000B7B8EE /* StoreAppUITests.swift */; };
		17175FEB2809AC9000B7B8EE /* StoreAppUITestsLaunchTests.swift in Sources */ = {isa = PBXBuildFile; fileRef = 17175FEA2809AC9000B7B8EE /* StoreAppUITestsLaunchTests.swift */; };
		17175FF82809ACD200B7B8EE /* MenuViewController.swift in Sources */ = {isa = PBXBuildFile; fileRef = 17175FF72809ACD200B7B8EE /* MenuViewController.swift */; };
		172F994B2819796000E75BF3 /* CartInfoTableViewController.swift in Sources */ = {isa = PBXBuildFile; fileRef = 172F994A2819796000E75BF3 /* CartInfoTableViewController.swift */; };
		172F994D28198ED000E75BF3 /* SearchTableviewCell.swift in Sources */ = {isa = PBXBuildFile; fileRef = 172F994C28198ED000E75BF3 /* SearchTableviewCell.swift */; };
		1753E21C2812DFD7007E355A /* ShopViewController.swift in Sources */ = {isa = PBXBuildFile; fileRef = 1753E21B2812DFD7007E355A /* ShopViewController.swift */; };
		1753E21E2812F714007E355A /* LoadViewController.swift in Sources */ = {isa = PBXBuildFile; fileRef = 1753E21D2812F714007E355A /* LoadViewController.swift */; };
		1770B4C2282A0702006A839D /* jf-openhuninn-1.1.ttf in Resources */ = {isa = PBXBuildFile; fileRef = 179FC5022818579E005BF593 /* jf-openhuninn-1.1.ttf */; };
		1770B4C3282A0703006A839D /* jf-openhuninn-1.1.ttf in Resources */ = {isa = PBXBuildFile; fileRef = 179FC5022818579E005BF593 /* jf-openhuninn-1.1.ttf */; };
		1770B4C4282A0704006A839D /* jf-openhuninn-1.1.ttf in Resources */ = {isa = PBXBuildFile; fileRef = 179FC5022818579E005BF593 /* jf-openhuninn-1.1.ttf */; };
		17872E9F2814DEB30063F17A /* StoreDetailViewController.swift in Sources */ = {isa = PBXBuildFile; fileRef = 17872E9E2814DEB30063F17A /* StoreDetailViewController.swift */; };
		178AA992280CD57400D37079 /* TitleCollectionReusableView.swift in Sources */ = {isa = PBXBuildFile; fileRef = 178AA991280CD57400D37079 /* TitleCollectionReusableView.swift */; };
		178AA996280D94BC00D37079 /* DrinkItemCollectionViewCell.swift in Sources */ = {isa = PBXBuildFile; fileRef = 178AA995280D94BC00D37079 /* DrinkItemCollectionViewCell.swift */; };
		178AA99A280D96C600D37079 /* DrinkCollectionViewController.swift in Sources */ = {isa = PBXBuildFile; fileRef = 178AA999280D96C600D37079 /* DrinkCollectionViewController.swift */; };
		178AA99C280D982200D37079 /* ListTableViewCell.swift in Sources */ = {isa = PBXBuildFile; fileRef = 178AA99B280D982200D37079 /* ListTableViewCell.swift */; };
		178FD54E28292EF800EC693A /* OrderTableViewController.swift in Sources */ = {isa = PBXBuildFile; fileRef = 178FD54D28292EF800EC693A /* OrderTableViewController.swift */; };
		178FD550282930C400EC693A /* OrderTableViewCell.swift in Sources */ = {isa = PBXBuildFile; fileRef = 178FD54F282930C400EC693A /* OrderTableViewCell.swift */; };
		178FD552282935DA00EC693A /* OrderDetailTableViewController.swift in Sources */ = {isa = PBXBuildFile; fileRef = 178FD551282935DA00EC693A /* OrderDetailTableViewController.swift */; };
		178FD55428294F9700EC693A /* OrderDetailTableViewCell.swift in Sources */ = {isa = PBXBuildFile; fileRef = 178FD55328294F9700EC693A /* OrderDetailTableViewCell.swift */; };
		179FC4F9281771FE005BF593 /* DrinkDetailViewController.swift in Sources */ = {isa = PBXBuildFile; fileRef = 179FC4F8281771FE005BF593 /* DrinkDetailViewController.swift */; };
		179FC4FB28183F49005BF593 /* CartInfoViewController.swift in Sources */ = {isa = PBXBuildFile; fileRef = 179FC4FA28183F49005BF593 /* CartInfoViewController.swift */; };
		179FC4FF28183FA9005BF593 /* CartViewController.swift in Sources */ = {isa = PBXBuildFile; fileRef = 179FC4FE28183FA9005BF593 /* CartViewController.swift */; };
		179FC501281841A3005BF593 /* CartTableViewCell.swift in Sources */ = {isa = PBXBuildFile; fileRef = 179FC500281841A3005BF593 /* CartTableViewCell.swift */; };
		17B75EC12813CCC600569AA9 /* Order.swift in Sources */ = {isa = PBXBuildFile; fileRef = 17B75EC02813CCC600569AA9 /* Order.swift */; };
		17B75EC42813CCDD00569AA9 /* OrderData.swift in Sources */ = {isa = PBXBuildFile; fileRef = 17B75EC32813CCDD00569AA9 /* OrderData.swift */; };
		17CF82552819707400A1942E /* SearchStoreTableViewController.swift in Sources */ = {isa = PBXBuildFile; fileRef = 17CF82542819707400A1942E /* SearchStoreTableViewController.swift */; };
		17E6B33A280AB2AD00105BDA /* stores.json in Resources */ = {isa = PBXBuildFile; fileRef = 17E6B339280AB2AD00105BDA /* stores.json */; };
		17E6B33C280ABE7400105BDA /* StoreViewController.swift in Sources */ = {isa = PBXBuildFile; fileRef = 17E6B33B280ABE7400105BDA /* StoreViewController.swift */; };
		17E6B33E280ABEC600105BDA /* Store.swift in Sources */ = {isa = PBXBuildFile; fileRef = 17E6B33D280ABEC600105BDA /* Store.swift */; };
		17E6B340280AC0E500105BDA /* Decode.swift in Sources */ = {isa = PBXBuildFile; fileRef = 17E6B33F280AC0E500105BDA /* Decode.swift */; };
		17E6B342280ACD3B00105BDA /* StoreTableViewCell.swift in Sources */ = {isa = PBXBuildFile; fileRef = 17E6B341280ACD3B00105BDA /* StoreTableViewCell.swift */; };
		17E6B344280AD12500105BDA /* Variable.swift in Sources */ = {isa = PBXBuildFile; fileRef = 17E6B343280AD12500105BDA /* Variable.swift */; };
		17E6B34A280AD3B900105BDA /* StoreData.swift in Sources */ = {isa = PBXBuildFile; fileRef = 17E6B349280AD3B900105BDA /* StoreData.swift */; };
		17E6B34D280AD52400105BDA /* DrinkData.swift in Sources */ = {isa = PBXBuildFile; fileRef = 17E6B34C280AD52400105BDA /* DrinkData.swift */; };
		17E6B34F280AD67600105BDA /* Drink.swift in Sources */ = {isa = PBXBuildFile; fileRef = 17E6B34E280AD67600105BDA /* Drink.swift */; };
/* End PBXBuildFile section */

/* Begin PBXContainerItemProxy section */
		17175FDB2809AC9000B7B8EE /* PBXContainerItemProxy */ = {
			isa = PBXContainerItemProxy;
			containerPortal = 17175FBC2809AC8E00B7B8EE /* Project object */;
			proxyType = 1;
			remoteGlobalIDString = 17175FC32809AC8E00B7B8EE;
			remoteInfo = StoreApp;
		};
		17175FE52809AC9000B7B8EE /* PBXContainerItemProxy */ = {
			isa = PBXContainerItemProxy;
			containerPortal = 17175FBC2809AC8E00B7B8EE /* Project object */;
			proxyType = 1;
			remoteGlobalIDString = 17175FC32809AC8E00B7B8EE;
			remoteInfo = StoreApp;
		};
/* End PBXContainerItemProxy section */

/* Begin PBXFileReference section */
		17064CDF2811916E005554D3 /* OrderDrink.swift */ = {isa = PBXFileReference; lastKnownFileType = sourcecode.swift; path = OrderDrink.swift; sourceTree = "<group>"; };
		17064CE128119185005554D3 /* OrderDrinkData.swift */ = {isa = PBXFileReference; lastKnownFileType = sourcecode.swift; path = OrderDrinkData.swift; sourceTree = "<group>"; };
		17175FC42809AC8E00B7B8EE /* StoreApp.app */ = {isa = PBXFileReference; explicitFileType = wrapper.application; includeInIndex = 0; path = StoreApp.app; sourceTree = BUILT_PRODUCTS_DIR; };
		17175FC72809AC8E00B7B8EE /* AppDelegate.swift */ = {isa = PBXFileReference; lastKnownFileType = sourcecode.swift; path = AppDelegate.swift; sourceTree = "<group>"; };
		17175FC92809AC8E00B7B8EE /* SceneDelegate.swift */ = {isa = PBXFileReference; lastKnownFileType = sourcecode.swift; path = SceneDelegate.swift; sourceTree = "<group>"; };
		17175FCE2809AC8E00B7B8EE /* Base */ = {isa = PBXFileReference; lastKnownFileType = file.storyboard; name = Base; path = Base.lproj/Main.storyboard; sourceTree = "<group>"; };
		17175FD02809AC9000B7B8EE /* Assets.xcassets */ = {isa = PBXFileReference; lastKnownFileType = folder.assetcatalog; path = Assets.xcassets; sourceTree = "<group>"; };
		17175FD32809AC9000B7B8EE /* Base */ = {isa = PBXFileReference; lastKnownFileType = file.storyboard; name = Base; path = Base.lproj/LaunchScreen.storyboard; sourceTree = "<group>"; };
		17175FD52809AC9000B7B8EE /* Info.plist */ = {isa = PBXFileReference; lastKnownFileType = text.plist.xml; path = Info.plist; sourceTree = "<group>"; };
		17175FDA2809AC9000B7B8EE /* StoreAppTests.xctest */ = {isa = PBXFileReference; explicitFileType = wrapper.cfbundle; includeInIndex = 0; path = StoreAppTests.xctest; sourceTree = BUILT_PRODUCTS_DIR; };
		17175FDE2809AC9000B7B8EE /* StoreAppTests.swift */ = {isa = PBXFileReference; lastKnownFileType = sourcecode.swift; path = StoreAppTests.swift; sourceTree = "<group>"; };
		17175FE42809AC9000B7B8EE /* StoreAppUITests.xctest */ = {isa = PBXFileReference; explicitFileType = wrapper.cfbundle; includeInIndex = 0; path = StoreAppUITests.xctest; sourceTree = BUILT_PRODUCTS_DIR; };
		17175FE82809AC9000B7B8EE /* StoreAppUITests.swift */ = {isa = PBXFileReference; lastKnownFileType = sourcecode.swift; path = StoreAppUITests.swift; sourceTree = "<group>"; };
		17175FEA2809AC9000B7B8EE /* StoreAppUITestsLaunchTests.swift */ = {isa = PBXFileReference; lastKnownFileType = sourcecode.swift; path = StoreAppUITestsLaunchTests.swift; sourceTree = "<group>"; };
		17175FF72809ACD200B7B8EE /* MenuViewController.swift */ = {isa = PBXFileReference; lastKnownFileType = sourcecode.swift; path = MenuViewController.swift; sourceTree = "<group>"; };
		172F994A2819796000E75BF3 /* CartInfoTableViewController.swift */ = {isa = PBXFileReference; lastKnownFileType = sourcecode.swift; path = CartInfoTableViewController.swift; sourceTree = "<group>"; };
		172F994C28198ED000E75BF3 /* SearchTableviewCell.swift */ = {isa = PBXFileReference; lastKnownFileType = sourcecode.swift; path = SearchTableviewCell.swift; sourceTree = "<group>"; };
		1753E21B2812DFD7007E355A /* ShopViewController.swift */ = {isa = PBXFileReference; lastKnownFileType = sourcecode.swift; path = ShopViewController.swift; sourceTree = "<group>"; };
		1753E21D2812F714007E355A /* LoadViewController.swift */ = {isa = PBXFileReference; lastKnownFileType = sourcecode.swift; path = LoadViewController.swift; sourceTree = "<group>"; };
		17872E9E2814DEB30063F17A /* StoreDetailViewController.swift */ = {isa = PBXFileReference; lastKnownFileType = sourcecode.swift; path = StoreDetailViewController.swift; sourceTree = "<group>"; };
		178AA991280CD57400D37079 /* TitleCollectionReusableView.swift */ = {isa = PBXFileReference; lastKnownFileType = sourcecode.swift; path = TitleCollectionReusableView.swift; sourceTree = "<group>"; };
		178AA995280D94BC00D37079 /* DrinkItemCollectionViewCell.swift */ = {isa = PBXFileReference; lastKnownFileType = sourcecode.swift; path = DrinkItemCollectionViewCell.swift; sourceTree = "<group>"; };
		178AA999280D96C600D37079 /* DrinkCollectionViewController.swift */ = {isa = PBXFileReference; lastKnownFileType = sourcecode.swift; path = DrinkCollectionViewController.swift; sourceTree = "<group>"; };
		178AA99B280D982200D37079 /* ListTableViewCell.swift */ = {isa = PBXFileReference; lastKnownFileType = sourcecode.swift; path = ListTableViewCell.swift; sourceTree = "<group>"; };
		178FD54D28292EF800EC693A /* OrderTableViewController.swift */ = {isa = PBXFileReference; lastKnownFileType = sourcecode.swift; path = OrderTableViewController.swift; sourceTree = "<group>"; };
		178FD54F282930C400EC693A /* OrderTableViewCell.swift */ = {isa = PBXFileReference; lastKnownFileType = sourcecode.swift; name = OrderTableViewCell.swift; path = "StoreApp/View Controller/OrderTableViewCell.swift"; sourceTree = SOURCE_ROOT; };
		178FD551282935DA00EC693A /* OrderDetailTableViewController.swift */ = {isa = PBXFileReference; lastKnownFileType = sourcecode.swift; name = OrderDetailTableViewController.swift; path = StoreApp/OrderDetailTableViewController.swift; sourceTree = SOURCE_ROOT; };
		178FD55328294F9700EC693A /* OrderDetailTableViewCell.swift */ = {isa = PBXFileReference; lastKnownFileType = sourcecode.swift; name = OrderDetailTableViewCell.swift; path = StoreApp/OrderDetailTableViewCell.swift; sourceTree = SOURCE_ROOT; };
		179FC4F8281771FE005BF593 /* DrinkDetailViewController.swift */ = {isa = PBXFileReference; lastKnownFileType = sourcecode.swift; path = DrinkDetailViewController.swift; sourceTree = "<group>"; };
		179FC4FA28183F49005BF593 /* CartInfoViewController.swift */ = {isa = PBXFileReference; lastKnownFileType = sourcecode.swift; path = CartInfoViewController.swift; sourceTree = "<group>"; };
		179FC4FE28183FA9005BF593 /* CartViewController.swift */ = {isa = PBXFileReference; lastKnownFileType = sourcecode.swift; path = CartViewController.swift; sourceTree = "<group>"; };
		179FC500281841A3005BF593 /* CartTableViewCell.swift */ = {isa = PBXFileReference; lastKnownFileType = sourcecode.swift; path = CartTableViewCell.swift; sourceTree = "<group>"; };
		179FC5022818579E005BF593 /* jf-openhuninn-1.1.ttf */ = {isa = PBXFileReference; lastKnownFileType = file; path = "jf-openhuninn-1.1.ttf"; sourceTree = "<group>"; };
		17B75EC02813CCC600569AA9 /* Order.swift */ = {isa = PBXFileReference; lastKnownFileType = sourcecode.swift; name = Order.swift; path = StoreApp/Model/Order/Order.swift; sourceTree = SOURCE_ROOT; };
		17B75EC32813CCDD00569AA9 /* OrderData.swift */ = {isa = PBXFileReference; lastKnownFileType = sourcecode.swift; path = OrderData.swift; sourceTree = "<group>"; };
		17CF82542819707400A1942E /* SearchStoreTableViewController.swift */ = {isa = PBXFileReference; lastKnownFileType = sourcecode.swift; path = SearchStoreTableViewController.swift; sourceTree = "<group>"; };
		17E6B339280AB2AD00105BDA /* stores.json */ = {isa = PBXFileReference; fileEncoding = 4; lastKnownFileType = text.json; path = stores.json; sourceTree = "<group>"; };
		17E6B33B280ABE7400105BDA /* StoreViewController.swift */ = {isa = PBXFileReference; lastKnownFileType = sourcecode.swift; path = StoreViewController.swift; sourceTree = "<group>"; };
		17E6B33D280ABEC600105BDA /* Store.swift */ = {isa = PBXFileReference; lastKnownFileType = sourcecode.swift; path = Store.swift; sourceTree = "<group>"; };
		17E6B33F280AC0E500105BDA /* Decode.swift */ = {isa = PBXFileReference; lastKnownFileType = sourcecode.swift; path = Decode.swift; sourceTree = "<group>"; };
		17E6B341280ACD3B00105BDA /* StoreTableViewCell.swift */ = {isa = PBXFileReference; lastKnownFileType = sourcecode.swift; path = StoreTableViewCell.swift; sourceTree = "<group>"; };
		17E6B343280AD12500105BDA /* Variable.swift */ = {isa = PBXFileReference; lastKnownFileType = sourcecode.swift; path = Variable.swift; sourceTree = "<group>"; };
		17E6B349280AD3B900105BDA /* StoreData.swift */ = {isa = PBXFileReference; lastKnownFileType = sourcecode.swift; path = StoreData.swift; sourceTree = "<group>"; };
		17E6B34C280AD52400105BDA /* DrinkData.swift */ = {isa = PBXFileReference; lastKnownFileType = sourcecode.swift; path = DrinkData.swift; sourceTree = "<group>"; };
		17E6B34E280AD67600105BDA /* Drink.swift */ = {isa = PBXFileReference; lastKnownFileType = sourcecode.swift; path = Drink.swift; sourceTree = "<group>"; };
/* End PBXFileReference section */

/* Begin PBXFrameworksBuildPhase section */
		17175FC12809AC8E00B7B8EE /* Frameworks */ = {
			isa = PBXFrameworksBuildPhase;
			buildActionMask = 2147483647;
			files = (
			);
			runOnlyForDeploymentPostprocessing = 0;
		};
		17175FD72809AC9000B7B8EE /* Frameworks */ = {
			isa = PBXFrameworksBuildPhase;
			buildActionMask = 2147483647;
			files = (
			);
			runOnlyForDeploymentPostprocessing = 0;
		};
		17175FE12809AC9000B7B8EE /* Frameworks */ = {
			isa = PBXFrameworksBuildPhase;
			buildActionMask = 2147483647;
			files = (
			);
			runOnlyForDeploymentPostprocessing = 0;
		};
/* End PBXFrameworksBuildPhase section */

/* Begin PBXGroup section */
		17064CDE2811915F005554D3 /* OrderDrink */ = {
			isa = PBXGroup;
			children = (
				17064CDF2811916E005554D3 /* OrderDrink.swift */,
				17064CE128119185005554D3 /* OrderDrinkData.swift */,
			);
			path = OrderDrink;
			sourceTree = "<group>";
		};
		17175FBB2809AC8E00B7B8EE = {
			isa = PBXGroup;
			children = (
				17175FC62809AC8E00B7B8EE /* StoreApp */,
				17175FDD2809AC9000B7B8EE /* StoreAppTests */,
				17175FE72809AC9000B7B8EE /* StoreAppUITests */,
				17175FC52809AC8E00B7B8EE /* Products */,
			);
			sourceTree = "<group>";
		};
		17175FC52809AC8E00B7B8EE /* Products */ = {
			isa = PBXGroup;
			children = (
				17175FC42809AC8E00B7B8EE /* StoreApp.app */,
				17175FDA2809AC9000B7B8EE /* StoreAppTests.xctest */,
				17175FE42809AC9000B7B8EE /* StoreAppUITests.xctest */,
			);
			name = Products;
			sourceTree = "<group>";
		};
		17175FC62809AC8E00B7B8EE /* StoreApp */ = {
			isa = PBXGroup;
			children = (
				179FC5022818579E005BF593 /* jf-openhuninn-1.1.ttf */,
				17175FD22809AC9000B7B8EE /* LaunchScreen.storyboard */,
				17175FCD2809AC8E00B7B8EE /* Main.storyboard */,
				17175FD02809AC9000B7B8EE /* Assets.xcassets */,
				17175FC72809AC8E00B7B8EE /* AppDelegate.swift */,
				17175FC92809AC8E00B7B8EE /* SceneDelegate.swift */,
				17E6B347280AD39200105BDA /* Model */,
				178AA993280CD58A00D37079 /* View */,
				178AA994280CD59200D37079 /* View Controller */,
				17175FD52809AC9000B7B8EE /* Info.plist */,
			);
			path = StoreApp;
			sourceTree = "<group>";
		};
		17175FDD2809AC9000B7B8EE /* StoreAppTests */ = {
			isa = PBXGroup;
			children = (
				17175FDE2809AC9000B7B8EE /* StoreAppTests.swift */,
			);
			path = StoreAppTests;
			sourceTree = "<group>";
		};
		17175FE72809AC9000B7B8EE /* StoreAppUITests */ = {
			isa = PBXGroup;
			children = (
				17175FE82809AC9000B7B8EE /* StoreAppUITests.swift */,
				17175FEA2809AC9000B7B8EE /* StoreAppUITestsLaunchTests.swift */,
			);
			path = StoreAppUITests;
			sourceTree = "<group>";
		};
		178AA993280CD58A00D37079 /* View */ = {
			isa = PBXGroup;
			children = (
				178FD55328294F9700EC693A /* OrderDetailTableViewCell.swift */,
				178FD54F282930C400EC693A /* OrderTableViewCell.swift */,
				178AA99B280D982200D37079 /* ListTableViewCell.swift */,
				178AA991280CD57400D37079 /* TitleCollectionReusableView.swift */,
				178AA995280D94BC00D37079 /* DrinkItemCollectionViewCell.swift */,
				179FC500281841A3005BF593 /* CartTableViewCell.swift */,
				172F994C28198ED000E75BF3 /* SearchTableviewCell.swift */,
				17E6B341280ACD3B00105BDA /* StoreTableViewCell.swift */,
			);
			path = View;
			sourceTree = "<group>";
		};
		178AA994280CD59200D37079 /* View Controller */ = {
			isa = PBXGroup;
			children = (
				1753E21D2812F714007E355A /* LoadViewController.swift */,
				17175FF72809ACD200B7B8EE /* MenuViewController.swift */,
				179FC4F8281771FE005BF593 /* DrinkDetailViewController.swift */,
				178AA999280D96C600D37079 /* DrinkCollectionViewController.swift */,
				178FD54D28292EF800EC693A /* OrderTableViewController.swift */,
				178FD551282935DA00EC693A /* OrderDetailTableViewController.swift */,
				1753E21B2812DFD7007E355A /* ShopViewController.swift */,
				17872E9E2814DEB30063F17A /* StoreDetailViewController.swift */,
				179FC4FE28183FA9005BF593 /* CartViewController.swift */,
				179FC4FA28183F49005BF593 /* CartInfoViewController.swift */,
				172F994A2819796000E75BF3 /* CartInfoTableViewController.swift */,
				17CF82542819707400A1942E /* SearchStoreTableViewController.swift */,
				17E6B33B280ABE7400105BDA /* StoreViewController.swift */,
			);
			path = "View Controller";
			sourceTree = "<group>";
		};
		17B75EC22813CCCC00569AA9 /* Order */ = {
			isa = PBXGroup;
			children = (
				17B75EC02813CCC600569AA9 /* Order.swift */,
				17B75EC32813CCDD00569AA9 /* OrderData.swift */,
			);
			path = Order;
			sourceTree = "<group>";
		};
		17E6B347280AD39200105BDA /* Model */ = {
			isa = PBXGroup;
			children = (
				17E6B33F280AC0E500105BDA /* Decode.swift */,
				17E6B343280AD12500105BDA /* Variable.swift */,
				17B75EC22813CCCC00569AA9 /* Order */,
				17064CDE2811915F005554D3 /* OrderDrink */,
				17E6B34B280AD51400105BDA /* Drinks */,
				17E6B348280AD39B00105BDA /* Store */,
			);
			path = Model;
			sourceTree = "<group>";
		};
		17E6B348280AD39B00105BDA /* Store */ = {
			isa = PBXGroup;
			children = (
				17E6B339280AB2AD00105BDA /* stores.json */,
				17E6B349280AD3B900105BDA /* StoreData.swift */,
				17E6B33D280ABEC600105BDA /* Store.swift */,
			);
			path = Store;
			sourceTree = "<group>";
		};
		17E6B34B280AD51400105BDA /* Drinks */ = {
			isa = PBXGroup;
			children = (
				17E6B34C280AD52400105BDA /* DrinkData.swift */,
				17E6B34E280AD67600105BDA /* Drink.swift */,
			);
			path = Drinks;
			sourceTree = "<group>";
		};
/* End PBXGroup section */

/* Begin PBXNativeTarget section */
		17175FC32809AC8E00B7B8EE /* StoreApp */ = {
			isa = PBXNativeTarget;
			buildConfigurationList = 17175FEE2809AC9000B7B8EE /* Build configuration list for PBXNativeTarget "StoreApp" */;
			buildPhases = (
				17175FC02809AC8E00B7B8EE /* Sources */,
				17175FC12809AC8E00B7B8EE /* Frameworks */,
				17175FC22809AC8E00B7B8EE /* Resources */,
			);
			buildRules = (
			);
			dependencies = (
			);
			name = StoreApp;
			productName = StoreApp;
			productReference = 17175FC42809AC8E00B7B8EE /* StoreApp.app */;
			productType = "com.apple.product-type.application";
		};
		17175FD92809AC9000B7B8EE /* StoreAppTests */ = {
			isa = PBXNativeTarget;
			buildConfigurationList = 17175FF12809AC9000B7B8EE /* Build configuration list for PBXNativeTarget "StoreAppTests" */;
			buildPhases = (
				17175FD62809AC9000B7B8EE /* Sources */,
				17175FD72809AC9000B7B8EE /* Frameworks */,
				17175FD82809AC9000B7B8EE /* Resources */,
			);
			buildRules = (
			);
			dependencies = (
				17175FDC2809AC9000B7B8EE /* PBXTargetDependency */,
			);
			name = StoreAppTests;
			productName = StoreAppTests;
			productReference = 17175FDA2809AC9000B7B8EE /* StoreAppTests.xctest */;
			productType = "com.apple.product-type.bundle.unit-test";
		};
		17175FE32809AC9000B7B8EE /* StoreAppUITests */ = {
			isa = PBXNativeTarget;
			buildConfigurationList = 17175FF42809AC9000B7B8EE /* Build configuration list for PBXNativeTarget "StoreAppUITests" */;
			buildPhases = (
				17175FE02809AC9000B7B8EE /* Sources */,
				17175FE12809AC9000B7B8EE /* Frameworks */,
				17175FE22809AC9000B7B8EE /* Resources */,
			);
			buildRules = (
			);
			dependencies = (
				17175FE62809AC9000B7B8EE /* PBXTargetDependency */,
			);
			name = StoreAppUITests;
			productName = StoreAppUITests;
			productReference = 17175FE42809AC9000B7B8EE /* StoreAppUITests.xctest */;
			productType = "com.apple.product-type.bundle.ui-testing";
		};
/* End PBXNativeTarget section */

/* Begin PBXProject section */
		17175FBC2809AC8E00B7B8EE /* Project object */ = {
			isa = PBXProject;
			attributes = {
				BuildIndependentTargetsInParallel = 1;
				LastSwiftUpdateCheck = 1330;
				LastUpgradeCheck = 1330;
				TargetAttributes = {
					17175FC32809AC8E00B7B8EE = {
						CreatedOnToolsVersion = 13.3;
					};
					17175FD92809AC9000B7B8EE = {
						CreatedOnToolsVersion = 13.3;
						TestTargetID = 17175FC32809AC8E00B7B8EE;
					};
					17175FE32809AC9000B7B8EE = {
						CreatedOnToolsVersion = 13.3;
						TestTargetID = 17175FC32809AC8E00B7B8EE;
					};
				};
			};
			buildConfigurationList = 17175FBF2809AC8E00B7B8EE /* Build configuration list for PBXProject "StoreApp" */;
			compatibilityVersion = "Xcode 13.0";
			developmentRegion = en;
			hasScannedForEncodings = 0;
			knownRegions = (
				en,
				Base,
			);
			mainGroup = 17175FBB2809AC8E00B7B8EE;
			productRefGroup = 17175FC52809AC8E00B7B8EE /* Products */;
			projectDirPath = "";
			projectRoot = "";
			targets = (
				17175FC32809AC8E00B7B8EE /* StoreApp */,
				17175FD92809AC9000B7B8EE /* StoreAppTests */,
				17175FE32809AC9000B7B8EE /* StoreAppUITests */,
			);
		};
/* End PBXProject section */

/* Begin PBXResourcesBuildPhase section */
		17175FC22809AC8E00B7B8EE /* Resources */ = {
			isa = PBXResourcesBuildPhase;
			buildActionMask = 2147483647;
			files = (
				1770B4C2282A0702006A839D /* jf-openhuninn-1.1.ttf in Resources */,
				17175FD42809AC9000B7B8EE /* LaunchScreen.storyboard in Resources */,
				17175FD12809AC9000B7B8EE /* Assets.xcassets in Resources */,
				17175FCF2809AC8E00B7B8EE /* Main.storyboard in Resources */,
				17E6B33A280AB2AD00105BDA /* stores.json in Resources */,
			);
			runOnlyForDeploymentPostprocessing = 0;
		};
		17175FD82809AC9000B7B8EE /* Resources */ = {
			isa = PBXResourcesBuildPhase;
			buildActionMask = 2147483647;
			files = (
				1770B4C3282A0703006A839D /* jf-openhuninn-1.1.ttf in Resources */,
			);
			runOnlyForDeploymentPostprocessing = 0;
		};
		17175FE22809AC9000B7B8EE /* Resources */ = {
			isa = PBXResourcesBuildPhase;
			buildActionMask = 2147483647;
			files = (
				1770B4C4282A0704006A839D /* jf-openhuninn-1.1.ttf in Resources */,
			);
			runOnlyForDeploymentPostprocessing = 0;
		};
/* End PBXResourcesBuildPhase section */

/* Begin PBXSourcesBuildPhase section */
		17175FC02809AC8E00B7B8EE /* Sources */ = {
			isa = PBXSourcesBuildPhase;
			buildActionMask = 2147483647;
			files = (
				17E6B33E280ABEC600105BDA /* Store.swift in Sources */,
				178AA99C280D982200D37079 /* ListTableViewCell.swift in Sources */,
				17E6B34D280AD52400105BDA /* DrinkData.swift in Sources */,
				178AA992280CD57400D37079 /* TitleCollectionReusableView.swift in Sources */,
				178AA996280D94BC00D37079 /* DrinkItemCollectionViewCell.swift in Sources */,
				178FD552282935DA00EC693A /* OrderDetailTableViewController.swift in Sources */,
				17B75EC12813CCC600569AA9 /* Order.swift in Sources */,
				17064CE02811916E005554D3 /* OrderDrink.swift in Sources */,
				172F994B2819796000E75BF3 /* CartInfoTableViewController.swift in Sources */,
				172F994D28198ED000E75BF3 /* SearchTableviewCell.swift in Sources */,
				179FC4FF28183FA9005BF593 /* CartViewController.swift in Sources */,
				17E6B34A280AD3B900105BDA /* StoreData.swift in Sources */,
				179FC501281841A3005BF593 /* CartTableViewCell.swift in Sources */,
				178AA99A280D96C600D37079 /* DrinkCollectionViewController.swift in Sources */,
				17E6B340280AC0E500105BDA /* Decode.swift in Sources */,
				1753E21E2812F714007E355A /* LoadViewController.swift in Sources */,
				17872E9F2814DEB30063F17A /* StoreDetailViewController.swift in Sources */,
				178FD55428294F9700EC693A /* OrderDetailTableViewCell.swift in Sources */,
				178FD54E28292EF800EC693A /* OrderTableViewController.swift in Sources */,
				1753E21C2812DFD7007E355A /* ShopViewController.swift in Sources */,
				17E6B33C280ABE7400105BDA /* StoreViewController.swift in Sources */,
				17175FC82809AC8E00B7B8EE /* AppDelegate.swift in Sources */,
				17CF82552819707400A1942E /* SearchStoreTableViewController.swift in Sources */,
				17175FF82809ACD200B7B8EE /* MenuViewController.swift in Sources */,
				17B75EC42813CCDD00569AA9 /* OrderData.swift in Sources */,
				17E6B342280ACD3B00105BDA /* StoreTableViewCell.swift in Sources */,
				17175FCA2809AC8E00B7B8EE /* SceneDelegate.swift in Sources */,
				179FC4F9281771FE005BF593 /* DrinkDetailViewController.swift in Sources */,
				179FC4FB28183F49005BF593 /* CartInfoViewController.swift in Sources */,
				17E6B34F280AD67600105BDA /* Drink.swift in Sources */,
				17064CE228119185005554D3 /* OrderDrinkData.swift in Sources */,
				178FD550282930C400EC693A /* OrderTableViewCell.swift in Sources */,
				17E6B344280AD12500105BDA /* Variable.swift in Sources */,
			);
			runOnlyForDeploymentPostprocessing = 0;
		};
		17175FD62809AC9000B7B8EE /* Sources */ = {
			isa = PBXSourcesBuildPhase;
			buildActionMask = 2147483647;
			files = (
				17175FDF2809AC9000B7B8EE /* StoreAppTests.swift in Sources */,
			);
			runOnlyForDeploymentPostprocessing = 0;
		};
		17175FE02809AC9000B7B8EE /* Sources */ = {
			isa = PBXSourcesBuildPhase;
			buildActionMask = 2147483647;
			files = (
				17175FEB2809AC9000B7B8EE /* StoreAppUITestsLaunchTests.swift in Sources */,
				17175FE92809AC9000B7B8EE /* StoreAppUITests.swift in Sources */,
			);
			runOnlyForDeploymentPostprocessing = 0;
		};
/* End PBXSourcesBuildPhase section */

/* Begin PBXTargetDependency section */
		17175FDC2809AC9000B7B8EE /* PBXTargetDependency */ = {
			isa = PBXTargetDependency;
			target = 17175FC32809AC8E00B7B8EE /* StoreApp */;
			targetProxy = 17175FDB2809AC9000B7B8EE /* PBXContainerItemProxy */;
		};
		17175FE62809AC9000B7B8EE /* PBXTargetDependency */ = {
			isa = PBXTargetDependency;
			target = 17175FC32809AC8E00B7B8EE /* StoreApp */;
			targetProxy = 17175FE52809AC9000B7B8EE /* PBXContainerItemProxy */;
		};
/* End PBXTargetDependency section */

/* Begin PBXVariantGroup section */
		17175FCD2809AC8E00B7B8EE /* Main.storyboard */ = {
			isa = PBXVariantGroup;
			children = (
				17175FCE2809AC8E00B7B8EE /* Base */,
			);
			name = Main.storyboard;
			sourceTree = "<group>";
		};
		17175FD22809AC9000B7B8EE /* LaunchScreen.storyboard */ = {
			isa = PBXVariantGroup;
			children = (
				17175FD32809AC9000B7B8EE /* Base */,
			);
			name = LaunchScreen.storyboard;
			sourceTree = "<group>";
		};
/* End PBXVariantGroup section */

/* Begin XCBuildConfiguration section */
		17175FEC2809AC9000B7B8EE /* Debug */ = {
			isa = XCBuildConfiguration;
			buildSettings = {
				ALWAYS_SEARCH_USER_PATHS = NO;
				CLANG_ANALYZER_NONNULL = YES;
				CLANG_ANALYZER_NUMBER_OBJECT_CONVERSION = YES_AGGRESSIVE;
				CLANG_CXX_LANGUAGE_STANDARD = "gnu++17";
				CLANG_ENABLE_MODULES = YES;
				CLANG_ENABLE_OBJC_ARC = YES;
				CLANG_ENABLE_OBJC_WEAK = YES;
				CLANG_WARN_BLOCK_CAPTURE_AUTORELEASING = YES;
				CLANG_WARN_BOOL_CONVERSION = YES;
				CLANG_WARN_COMMA = YES;
				CLANG_WARN_CONSTANT_CONVERSION = YES;
				CLANG_WARN_DEPRECATED_OBJC_IMPLEMENTATIONS = YES;
				CLANG_WARN_DIRECT_OBJC_ISA_USAGE = YES_ERROR;
				CLANG_WARN_DOCUMENTATION_COMMENTS = YES;
				CLANG_WARN_EMPTY_BODY = YES;
				CLANG_WARN_ENUM_CONVERSION = YES;
				CLANG_WARN_INFINITE_RECURSION = YES;
				CLANG_WARN_INT_CONVERSION = YES;
				CLANG_WARN_NON_LITERAL_NULL_CONVERSION = YES;
				CLANG_WARN_OBJC_IMPLICIT_RETAIN_SELF = YES;
				CLANG_WARN_OBJC_LITERAL_CONVERSION = YES;
				CLANG_WARN_OBJC_ROOT_CLASS = YES_ERROR;
				CLANG_WARN_QUOTED_INCLUDE_IN_FRAMEWORK_HEADER = YES;
				CLANG_WARN_RANGE_LOOP_ANALYSIS = YES;
				CLANG_WARN_STRICT_PROTOTYPES = YES;
				CLANG_WARN_SUSPICIOUS_MOVE = YES;
				CLANG_WARN_UNGUARDED_AVAILABILITY = YES_AGGRESSIVE;
				CLANG_WARN_UNREACHABLE_CODE = YES;
				CLANG_WARN__DUPLICATE_METHOD_MATCH = YES;
				COPY_PHASE_STRIP = NO;
				DEBUG_INFORMATION_FORMAT = dwarf;
				ENABLE_STRICT_OBJC_MSGSEND = YES;
				ENABLE_TESTABILITY = YES;
				GCC_C_LANGUAGE_STANDARD = gnu11;
				GCC_DYNAMIC_NO_PIC = NO;
				GCC_NO_COMMON_BLOCKS = YES;
				GCC_OPTIMIZATION_LEVEL = 0;
				GCC_PREPROCESSOR_DEFINITIONS = (
					"DEBUG=1",
					"$(inherited)",
				);
				GCC_WARN_64_TO_32_BIT_CONVERSION = YES;
				GCC_WARN_ABOUT_RETURN_TYPE = YES_ERROR;
				GCC_WARN_UNDECLARED_SELECTOR = YES;
				GCC_WARN_UNINITIALIZED_AUTOS = YES_AGGRESSIVE;
				GCC_WARN_UNUSED_FUNCTION = YES;
				GCC_WARN_UNUSED_VARIABLE = YES;
				IPHONEOS_DEPLOYMENT_TARGET = 15.4;
				MTL_ENABLE_DEBUG_INFO = INCLUDE_SOURCE;
				MTL_FAST_MATH = YES;
				ONLY_ACTIVE_ARCH = YES;
				SDKROOT = iphoneos;
				SWIFT_ACTIVE_COMPILATION_CONDITIONS = DEBUG;
				SWIFT_OPTIMIZATION_LEVEL = "-Onone";
			};
			name = Debug;
		};
		17175FED2809AC9000B7B8EE /* Release */ = {
			isa = XCBuildConfiguration;
			buildSettings = {
				ALWAYS_SEARCH_USER_PATHS = NO;
				CLANG_ANALYZER_NONNULL = YES;
				CLANG_ANALYZER_NUMBER_OBJECT_CONVERSION = YES_AGGRESSIVE;
				CLANG_CXX_LANGUAGE_STANDARD = "gnu++17";
				CLANG_ENABLE_MODULES = YES;
				CLANG_ENABLE_OBJC_ARC = YES;
				CLANG_ENABLE_OBJC_WEAK = YES;
				CLANG_WARN_BLOCK_CAPTURE_AUTORELEASING = YES;
				CLANG_WARN_BOOL_CONVERSION = YES;
				CLANG_WARN_COMMA = YES;
				CLANG_WARN_CONSTANT_CONVERSION = YES;
				CLANG_WARN_DEPRECATED_OBJC_IMPLEMENTATIONS = YES;
				CLANG_WARN_DIRECT_OBJC_ISA_USAGE = YES_ERROR;
				CLANG_WARN_DOCUMENTATION_COMMENTS = YES;
				CLANG_WARN_EMPTY_BODY = YES;
				CLANG_WARN_ENUM_CONVERSION = YES;
				CLANG_WARN_INFINITE_RECURSION = YES;
				CLANG_WARN_INT_CONVERSION = YES;
				CLANG_WARN_NON_LITERAL_NULL_CONVERSION = YES;
				CLANG_WARN_OBJC_IMPLICIT_RETAIN_SELF = YES;
				CLANG_WARN_OBJC_LITERAL_CONVERSION = YES;
				CLANG_WARN_OBJC_ROOT_CLASS = YES_ERROR;
				CLANG_WARN_QUOTED_INCLUDE_IN_FRAMEWORK_HEADER = YES;
				CLANG_WARN_RANGE_LOOP_ANALYSIS = YES;
				CLANG_WARN_STRICT_PROTOTYPES = YES;
				CLANG_WARN_SUSPICIOUS_MOVE = YES;
				CLANG_WARN_UNGUARDED_AVAILABILITY = YES_AGGRESSIVE;
				CLANG_WARN_UNREACHABLE_CODE = YES;
				CLANG_WARN__DUPLICATE_METHOD_MATCH = YES;
				COPY_PHASE_STRIP = NO;
				DEBUG_INFORMATION_FORMAT = "dwarf-with-dsym";
				ENABLE_NS_ASSERTIONS = NO;
				ENABLE_STRICT_OBJC_MSGSEND = YES;
				GCC_C_LANGUAGE_STANDARD = gnu11;
				GCC_NO_COMMON_BLOCKS = YES;
				GCC_WARN_64_TO_32_BIT_CONVERSION = YES;
				GCC_WARN_ABOUT_RETURN_TYPE = YES_ERROR;
				GCC_WARN_UNDECLARED_SELECTOR = YES;
				GCC_WARN_UNINITIALIZED_AUTOS = YES_AGGRESSIVE;
				GCC_WARN_UNUSED_FUNCTION = YES;
				GCC_WARN_UNUSED_VARIABLE = YES;
				IPHONEOS_DEPLOYMENT_TARGET = 15.4;
				MTL_ENABLE_DEBUG_INFO = NO;
				MTL_FAST_MATH = YES;
				SDKROOT = iphoneos;
				SWIFT_COMPILATION_MODE = wholemodule;
				SWIFT_OPTIMIZATION_LEVEL = "-O";
				VALIDATE_PRODUCT = YES;
			};
			name = Release;
		};
		17175FEF2809AC9000B7B8EE /* Debug */ = {
			isa = XCBuildConfiguration;
			buildSettings = {
				ASSETCATALOG_COMPILER_APPICON_NAME = AppIcon;
				ASSETCATALOG_COMPILER_GLOBAL_ACCENT_COLOR_NAME = AccentColor;
				CODE_SIGN_STYLE = Automatic;
				CURRENT_PROJECT_VERSION = 1;
				DEVELOPMENT_TEAM = B58WWRW5W2;
				GENERATE_INFOPLIST_FILE = YES;
				INFOPLIST_FILE = StoreApp/Info.plist;
				INFOPLIST_KEY_UIApplicationSupportsIndirectInputEvents = YES;
				INFOPLIST_KEY_UILaunchStoryboardName = LaunchScreen;
				INFOPLIST_KEY_UIMainStoryboardFile = Main;
				INFOPLIST_KEY_UISupportedInterfaceOrientations_iPad = "UIInterfaceOrientationPortrait UIInterfaceOrientationPortraitUpsideDown UIInterfaceOrientationLandscapeLeft UIInterfaceOrientationLandscapeRight";
				INFOPLIST_KEY_UISupportedInterfaceOrientations_iPhone = "UIInterfaceOrientationPortrait UIInterfaceOrientationLandscapeLeft UIInterfaceOrientationLandscapeRight";
				LD_RUNPATH_SEARCH_PATHS = (
					"$(inherited)",
					"@executable_path/Frameworks",
				);
				MARKETING_VERSION = 1.0;
				PRODUCT_BUNDLE_IDENTIFIER = "-StoreApp";
				PRODUCT_NAME = "$(TARGET_NAME)";
				SWIFT_EMIT_LOC_STRINGS = YES;
				SWIFT_VERSION = 5.0;
				TARGETED_DEVICE_FAMILY = "1,2";
			};
			name = Debug;
		};
		17175FF02809AC9000B7B8EE /* Release */ = {
			isa = XCBuildConfiguration;
			buildSettings = {
				ASSETCATALOG_COMPILER_APPICON_NAME = AppIcon;
				ASSETCATALOG_COMPILER_GLOBAL_ACCENT_COLOR_NAME = AccentColor;
				CODE_SIGN_STYLE = Automatic;
				CURRENT_PROJECT_VERSION = 1;
				DEVELOPMENT_TEAM = B58WWRW5W2;
				GENERATE_INFOPLIST_FILE = YES;
				INFOPLIST_FILE = StoreApp/Info.plist;
				INFOPLIST_KEY_UIApplicationSupportsIndirectInputEvents = YES;
				INFOPLIST_KEY_UILaunchStoryboardName = LaunchScreen;
				INFOPLIST_KEY_UIMainStoryboardFile = Main;
				INFOPLIST_KEY_UISupportedInterfaceOrientations_iPad = "UIInterfaceOrientationPortrait UIInterfaceOrientationPortraitUpsideDown UIInterfaceOrientationLandscapeLeft UIInterfaceOrientationLandscapeRight";
				INFOPLIST_KEY_UISupportedInterfaceOrientations_iPhone = "UIInterfaceOrientationPortrait UIInterfaceOrientationLandscapeLeft UIInterfaceOrientationLandscapeRight";
				LD_RUNPATH_SEARCH_PATHS = (
					"$(inherited)",
					"@executable_path/Frameworks",
				);
				MARKETING_VERSION = 1.0;
				PRODUCT_BUNDLE_IDENTIFIER = "-StoreApp";
				PRODUCT_NAME = "$(TARGET_NAME)";
				SWIFT_EMIT_LOC_STRINGS = YES;
				SWIFT_VERSION = 5.0;
				TARGETED_DEVICE_FAMILY = "1,2";
			};
			name = Release;
		};
		17175FF22809AC9000B7B8EE /* Debug */ = {
			isa = XCBuildConfiguration;
			buildSettings = {
				ALWAYS_EMBED_SWIFT_STANDARD_LIBRARIES = YES;
				BUNDLE_LOADER = "$(TEST_HOST)";
				CODE_SIGN_STYLE = Automatic;
				CURRENT_PROJECT_VERSION = 1;
				DEVELOPMENT_TEAM = B58WWRW5W2;
				GENERATE_INFOPLIST_FILE = YES;
				IPHONEOS_DEPLOYMENT_TARGET = 15.4;
				MARKETING_VERSION = 1.0;
				PRODUCT_BUNDLE_IDENTIFIER = smirkiiiv.StoreAppTests;
				PRODUCT_NAME = "$(TARGET_NAME)";
				SWIFT_EMIT_LOC_STRINGS = NO;
				SWIFT_VERSION = 5.0;
				TARGETED_DEVICE_FAMILY = "1,2";
				TEST_HOST = "$(BUILT_PRODUCTS_DIR)/StoreApp.app/StoreApp";
			};
			name = Debug;
		};
		17175FF32809AC9000B7B8EE /* Release */ = {
			isa = XCBuildConfiguration;
			buildSettings = {
				ALWAYS_EMBED_SWIFT_STANDARD_LIBRARIES = YES;
				BUNDLE_LOADER = "$(TEST_HOST)";
				CODE_SIGN_STYLE = Automatic;
				CURRENT_PROJECT_VERSION = 1;
				DEVELOPMENT_TEAM = B58WWRW5W2;
				GENERATE_INFOPLIST_FILE = YES;
				IPHONEOS_DEPLOYMENT_TARGET = 15.4;
				MARKETING_VERSION = 1.0;
				PRODUCT_BUNDLE_IDENTIFIER = smirkiiiv.StoreAppTests;
				PRODUCT_NAME = "$(TARGET_NAME)";
				SWIFT_EMIT_LOC_STRINGS = NO;
				SWIFT_VERSION = 5.0;
				TARGETED_DEVICE_FAMILY = "1,2";
				TEST_HOST = "$(BUILT_PRODUCTS_DIR)/StoreApp.app/StoreApp";
			};
			name = Release;
		};
		17175FF52809AC9000B7B8EE /* Debug */ = {
			isa = XCBuildConfiguration;
			buildSettings = {
				ALWAYS_EMBED_SWIFT_STANDARD_LIBRARIES = YES;
				CODE_SIGN_STYLE = Automatic;
				CURRENT_PROJECT_VERSION = 1;
				DEVELOPMENT_TEAM = B58WWRW5W2;
				GENERATE_INFOPLIST_FILE = YES;
				MARKETING_VERSION = 1.0;
				PRODUCT_BUNDLE_IDENTIFIER = smirkiiiv.StoreAppUITests;
				PRODUCT_NAME = "$(TARGET_NAME)";
				SWIFT_EMIT_LOC_STRINGS = NO;
				SWIFT_VERSION = 5.0;
				TARGETED_DEVICE_FAMILY = "1,2";
				TEST_TARGET_NAME = StoreApp;
			};
			name = Debug;
		};
		17175FF62809AC9000B7B8EE /* Release */ = {
			isa = XCBuildConfiguration;
			buildSettings = {
				ALWAYS_EMBED_SWIFT_STANDARD_LIBRARIES = YES;
				CODE_SIGN_STYLE = Automatic;
				CURRENT_PROJECT_VERSION = 1;
				DEVELOPMENT_TEAM = B58WWRW5W2;
				GENERATE_INFOPLIST_FILE = YES;
				MARKETING_VERSION = 1.0;
				PRODUCT_BUNDLE_IDENTIFIER = smirkiiiv.StoreAppUITests;
				PRODUCT_NAME = "$(TARGET_NAME)";
				SWIFT_EMIT_LOC_STRINGS = NO;
				SWIFT_VERSION = 5.0;
				TARGETED_DEVICE_FAMILY = "1,2";
				TEST_TARGET_NAME = StoreApp;
			};
			name = Release;
		};
/* End XCBuildConfiguration section */

/* Begin XCConfigurationList section */
		17175FBF2809AC8E00B7B8EE /* Build configuration list for PBXProject "StoreApp" */ = {
			isa = XCConfigurationList;
			buildConfigurations = (
				17175FEC2809AC9000B7B8EE /* Debug */,
				17175FED2809AC9000B7B8EE /* Release */,
			);
			defaultConfigurationIsVisible = 0;
			defaultConfigurationName = Release;
		};
		17175FEE2809AC9000B7B8EE /* Build configuration list for PBXNativeTarget "StoreApp" */ = {
			isa = XCConfigurationList;
			buildConfigurations = (
				17175FEF2809AC9000B7B8EE /* Debug */,
				17175FF02809AC9000B7B8EE /* Release */,
			);
			defaultConfigurationIsVisible = 0;
			defaultConfigurationName = Release;
		};
		17175FF12809AC9000B7B8EE /* Build configuration list for PBXNativeTarget "StoreAppTests" */ = {
			isa = XCConfigurationList;
			buildConfigurations = (
				17175FF22809AC9000B7B8EE /* Debug */,
				17175FF32809AC9000B7B8EE /* Release */,
			);
			defaultConfigurationIsVisible = 0;
			defaultConfigurationName = Release;
		};
		17175FF42809AC9000B7B8EE /* Build configuration list for PBXNativeTarget "StoreAppUITests" */ = {
			isa = XCConfigurationList;
			buildConfigurations = (
				17175FF52809AC9000B7B8EE /* Debug */,
				17175FF62809AC9000B7B8EE /* Release */,
			);
			defaultConfigurationIsVisible = 0;
			defaultConfigurationName = Release;
		};
/* End XCConfigurationList section */
	};
	rootObject = 17175FBC2809AC8E00B7B8EE /* Project object */;
}
